
Microsoft Visual Studio Solution File, Format Version 12.00
# Visual Studio 14
VisualStudioVersion = 14.0.25420.1
MinimumVisualStudioVersion = 10.0.40219.1
Project("{FAE04EC0-301F-11D3-BF4B-00C04F79EFBC}") = "SharpDeck", "SharpDeck\SharpDeck.csproj", "{CEB6033C-1895-421B-8906-4C57D4A145A0}"
EndProject
Project("{FAE04EC0-301F-11D3-BF4B-00C04F79EFBC}") = "SharpDeck.Tests", "SharpDeck.Tests\SharpDeck.Tests.csproj", "{8EDF4429-251A-416D-BB68-93F227191BCF}"
EndProject
Project("{FAE04EC0-301F-11D3-BF4B-00C04F79EFBC}") = "SharpDeck.Examples", "SharpDeck.Examples\SharpDeck.Examples.csproj", "{38E952BB-42DE-420A-A7F1-F480B2A00838}"
EndProject
Global
	GlobalSection(SolutionConfigurationPlatforms) = preSolution
		Debug|Any CPU = Debug|Any CPU
		Release|Any CPU = Release|Any CPU
	EndGlobalSection
	GlobalSection(ProjectConfigurationPlatforms) = postSolution
		{CEB6033C-1895-421B-8906-4C57D4A145A0}.Debug|Any CPU.ActiveCfg = Debug|Any CPU
		{CEB6033C-1895-421B-8906-4C57D4A145A0}.Debug|Any CPU.Build.0 = Debug|Any CPU
		{CEB6033C-1895-421B-8906-4C57D4A145A0}.Release|Any CPU.ActiveCfg = Release|Any CPU
		{CEB6033C-1895-421B-8906-4C57D4A145A0}.Release|Any CPU.Build.0 = Release|Any CPU
		{8EDF4429-251A-416D-BB68-93F227191BCF}.Debug|Any CPU.ActiveCfg = Debug|Any CPU
		{8EDF4429-251A-416D-BB68-93F227191BCF}.Debug|Any CPU.Build.0 = Debug|Any CPU
		{8EDF4429-251A-416D-BB68-93F227191BCF}.Release|Any CPU.ActiveCfg = Release|Any CPU
		{8EDF4429-251A-416D-BB68-93F227191BCF}.Release|Any CPU.Build.0 = Release|Any CPU
		{38E952BB-42DE-420A-A7F1-F480B2A00838}.Debug|Any CPU.ActiveCfg = Debug|Any CPU
		{38E952BB-42DE-420A-A7F1-F480B2A00838}.Debug|Any CPU.Build.0 = Debug|Any CPU
		{38E952BB-42DE-420A-A7F1-F480B2A00838}.Release|Any CPU.ActiveCfg = Release|Any CPU
		{38E952BB-42DE-420A-A7F1-F480B2A00838}.Release|Any CPU.Build.0 = Release|Any CPU
	EndGlobalSection
	GlobalSection(SolutionProperties) = preSolution
		HideSolutionNode = FALSE
	EndGlobalSection
EndGlobal
